
Microsoft Visual Studio Solution File, Format Version 12.00
# Visual Studio Version 17
VisualStudioVersion = 17.8.34322.80
MinimumVisualStudioVersion = 10.0.40219.1
Project("{FAE04EC0-301F-11D3-BF4B-00C04F79EFBC}") = "nesneprojetalha1", "nesneprojetalha1\nesneprojetalha1.csproj", "{012F09ED-4B78-4ECF-AD25-BE39BD5915EE}"
EndProject
Global
	GlobalSection(SolutionConfigurationPlatforms) = preSolution
		Debug|Any CPU = Debug|Any CPU
		Release|Any CPU = Release|Any CPU
	EndGlobalSection
	GlobalSection(ProjectConfigurationPlatforms) = postSolution
		{012F09ED-4B78-4ECF-AD25-BE39BD5915EE}.Debug|Any CPU.ActiveCfg = Debug|Any CPU
		{012F09ED-4B78-4ECF-AD25-BE39BD5915EE}.Debug|Any CPU.Build.0 = Debug|Any CPU
		{012F09ED-4B78-4ECF-AD25-BE39BD5915EE}.Release|Any CPU.ActiveCfg = Release|Any CPU
		{012F09ED-4B78-4ECF-AD25-BE39BD5915EE}.Release|Any CPU.Build.0 = Release|Any CPU
	EndGlobalSection
	GlobalSection(SolutionProperties) = preSolution
		HideSolutionNode = FALSE
	EndGlobalSection
	GlobalSection(ExtensibilityGlobals) = postSolution
		SolutionGuid = {24099065-25DB-4550-8F89-60C4DD001A16}
	EndGlobalSection
EndGlobal
